// !$*UTF8*$!
{
	archiveVersion = 1;
	classes = {
	};
	objectVersion = 50;
	objects = {

/* Begin PBXBuildFile section */
		741F4CF623F48DC20074529F /* AppDelegate.swift in Sources */ = {isa = PBXBuildFile; fileRef = 741F4CF523F48DC20074529F /* AppDelegate.swift */; };
		741F4CF823F48DC20074529F /* SceneDelegate.swift in Sources */ = {isa = PBXBuildFile; fileRef = 741F4CF723F48DC20074529F /* SceneDelegate.swift */; };
		741F4CFF23F48DC30074529F /* Assets.xcassets in Resources */ = {isa = PBXBuildFile; fileRef = 741F4CFE23F48DC30074529F /* Assets.xcassets */; };
		741F4D0223F48DC30074529F /* LaunchScreen.storyboard in Resources */ = {isa = PBXBuildFile; fileRef = 741F4D0023F48DC30074529F /* LaunchScreen.storyboard */; };
		746CEEBA23F48E1B008381B1 /* DinosaurView.swift in Sources */ = {isa = PBXBuildFile; fileRef = 746CEEB923F48E1B008381B1 /* DinosaurView.swift */; };
		746CEEBC23F48E5E008381B1 /* Resource.swift in Sources */ = {isa = PBXBuildFile; fileRef = 746CEEBB23F48E5E008381B1 /* Resource.swift */; };
		746CEEBE23F48E96008381B1 /* ContentView.swift in Sources */ = {isa = PBXBuildFile; fileRef = 746CEEBD23F48E96008381B1 /* ContentView.swift */; };
/* End PBXBuildFile section */

/* Begin PBXFileReference section */
		741F4CF223F48DC20074529F /* Dinosaurs.app */ = {isa = PBXFileReference; explicitFileType = wrapper.application; includeInIndex = 0; path = Dinosaurs.app; sourceTree = BUILT_PRODUCTS_DIR; };
		741F4CF523F48DC20074529F /* AppDelegate.swift */ = {isa = PBXFileReference; lastKnownFileType = sourcecode.swift; path = AppDelegate.swift; sourceTree = "<group>"; };
		741F4CF723F48DC20074529F /* SceneDelegate.swift */ = {isa = PBXFileReference; lastKnownFileType = sourcecode.swift; path = SceneDelegate.swift; sourceTree = "<group>"; };
		741F4CFE23F48DC30074529F /* Assets.xcassets */ = {isa = PBXFileReference; lastKnownFileType = folder.assetcatalog; path = Assets.xcassets; sourceTree = "<group>"; };
		741F4D0123F48DC30074529F /* Base */ = {isa = PBXFileReference; lastKnownFileType = file.storyboard; name = Base; path = Base.lproj/LaunchScreen.storyboard; sourceTree = "<group>"; };
		741F4D0323F48DC30074529F /* Info.plist */ = {isa = PBXFileReference; lastKnownFileType = text.plist.xml; path = Info.plist; sourceTree = "<group>"; };
		746CEEB923F48E1B008381B1 /* DinosaurView.swift */ = {isa = PBXFileReference; lastKnownFileType = sourcecode.swift; path = DinosaurView.swift; sourceTree = "<group>"; };
		746CEEBB23F48E5E008381B1 /* Resource.swift */ = {isa = PBXFileReference; lastKnownFileType = sourcecode.swift; path = Resource.swift; sourceTree = "<group>"; };
		746CEEBD23F48E96008381B1 /* ContentView.swift */ = {isa = PBXFileReference; lastKnownFileType = sourcecode.swift; path = ContentView.swift; sourceTree = "<group>"; };
		7BF928F67651422E95DFC782 /* Pods_Dinosaurs.framework */ = {isa = PBXFileReference; explicitFileType = wrapper.framework; includeInIndex = 0; path = Pods_Dinosaurs.framework; sourceTree = BUILT_PRODUCTS_DIR; };
		E1E44CA8B772EE4AC2ED5A30 /* Pods-Dinosaurs.debug.xcconfig */ = {isa = PBXFileReference; includeInIndex = 1; lastKnownFileType = text.xcconfig; name = "Pods-Dinosaurs.debug.xcconfig"; path = "Target Support Files/Pods-Dinosaurs/Pods-Dinosaurs.debug.xcconfig"; sourceTree = "<group>"; };
		FD85FE44C1A07AB2DF50B7F3 /* Pods-Dinosaurs.release.xcconfig */ = {isa = PBXFileReference; includeInIndex = 1; lastKnownFileType = text.xcconfig; name = "Pods-Dinosaurs.release.xcconfig"; path = "Target Support Files/Pods-Dinosaurs/Pods-Dinosaurs.release.xcconfig"; sourceTree = "<group>"; };
/* End PBXFileReference section */

/* Begin PBXFrameworksBuildPhase section */
		741F4CEF23F48DC20074529F /* Frameworks */ = {
			isa = PBXFrameworksBuildPhase;
			buildActionMask = 2147483647;
			files = (
			);
			runOnlyForDeploymentPostprocessing = 0;
		};
/* End PBXFrameworksBuildPhase section */

/* Begin PBXGroup section */
		45E9FAF691082EA876C359CE /* Frameworks */ = {
			isa = PBXGroup;
			children = (
				7BF928F67651422E95DFC782 /* Pods_Dinosaurs.framework */,
			);
			name = Frameworks;
			sourceTree = "<group>";
		};
		741F4CE923F48DC20074529F = {
			isa = PBXGroup;
			children = (
				741F4CF423F48DC20074529F /* Dinosaurs */,
				741F4CF323F48DC20074529F /* Products */,
				F7E4839CBC51485B1DCF8686 /* Pods */,
				45E9FAF691082EA876C359CE /* Frameworks */,
			);
			sourceTree = "<group>";
		};
		741F4CF323F48DC20074529F /* Products */ = {
			isa = PBXGroup;
			children = (
				741F4CF223F48DC20074529F /* Dinosaurs.app */,
			);
			name = Products;
			sourceTree = "<group>";
		};
		741F4CF423F48DC20074529F /* Dinosaurs */ = {
			isa = PBXGroup;
			children = (
				741F4CF523F48DC20074529F /* AppDelegate.swift */,
				741F4CF723F48DC20074529F /* SceneDelegate.swift */,
				741F4CFE23F48DC30074529F /* Assets.xcassets */,
				741F4D0023F48DC30074529F /* LaunchScreen.storyboard */,
				741F4D0323F48DC30074529F /* Info.plist */,
				746CEEB923F48E1B008381B1 /* DinosaurView.swift */,
				746CEEBB23F48E5E008381B1 /* Resource.swift */,
				746CEEBD23F48E96008381B1 /* ContentView.swift */,
			);
			path = Dinosaurs;
			sourceTree = "<group>";
		};
		F7E4839CBC51485B1DCF8686 /* Pods */ = {
			isa = PBXGroup;
			children = (
				E1E44CA8B772EE4AC2ED5A30 /* Pods-Dinosaurs.debug.xcconfig */,
				FD85FE44C1A07AB2DF50B7F3 /* Pods-Dinosaurs.release.xcconfig */,
			);
			path = Pods;
			sourceTree = "<group>";
		};
/* End PBXGroup section */

/* Begin PBXNativeTarget section */
		741F4CF123F48DC20074529F /* Dinosaurs */ = {
			isa = PBXNativeTarget;
			buildConfigurationList = 741F4D0623F48DC30074529F /* Build configuration list for PBXNativeTarget "Dinosaurs" */;
			buildPhases = (
				6D8EA870BD58ED601DE1495C /* [CP] Check Pods Manifest.lock */,
				741F4CEE23F48DC20074529F /* Sources */,
				741F4CEF23F48DC20074529F /* Frameworks */,
				741F4CF023F48DC20074529F /* Resources */,
			);
			buildRules = (
			);
			dependencies = (
			);
			name = Dinosaurs;
			productName = Dinosaurs;
			productReference = 741F4CF223F48DC20074529F /* Dinosaurs.app */;
			productType = "com.apple.product-type.application";
		};
/* End PBXNativeTarget section */

/* Begin PBXProject section */
		741F4CEA23F48DC20074529F /* Project object */ = {
			isa = PBXProject;
			attributes = {
				LastSwiftUpdateCheck = 1130;
				LastUpgradeCheck = 1130;
				ORGANIZATIONNAME = Square;
				TargetAttributes = {
					741F4CF123F48DC20074529F = {
						CreatedOnToolsVersion = 11.3.1;
					};
				};
			};
			buildConfigurationList = 741F4CED23F48DC20074529F /* Build configuration list for PBXProject "Dinosaurs" */;
			compatibilityVersion = "Xcode 9.3";
			developmentRegion = en;
			hasScannedForEncodings = 0;
			knownRegions = (
				en,
				Base,
			);
			mainGroup = 741F4CE923F48DC20074529F;
			productRefGroup = 741F4CF323F48DC20074529F /* Products */;
			projectDirPath = "";
			projectRoot = "";
			targets = (
				741F4CF123F48DC20074529F /* Dinosaurs */,
			);
		};
/* End PBXProject section */

/* Begin PBXResourcesBuildPhase section */
		741F4CF023F48DC20074529F /* Resources */ = {
			isa = PBXResourcesBuildPhase;
			buildActionMask = 2147483647;
			files = (
				741F4D0223F48DC30074529F /* LaunchScreen.storyboard in Resources */,
				741F4CFF23F48DC30074529F /* Assets.xcassets in Resources */,
			);
			runOnlyForDeploymentPostprocessing = 0;
		};
/* End PBXResourcesBuildPhase section */

/* Begin PBXShellScriptBuildPhase section */
		6D8EA870BD58ED601DE1495C /* [CP] Check Pods Manifest.lock */ = {
			isa = PBXShellScriptBuildPhase;
			buildActionMask = 2147483647;
			files = (
			);
			inputFileListPaths = (
			);
			inputPaths = (
				"${PODS_PODFILE_DIR_PATH}/Podfile.lock",
				"${PODS_ROOT}/Manifest.lock",
			);
			name = "[CP] Check Pods Manifest.lock";
			outputFileListPaths = (
			);
			outputPaths = (
				"$(DERIVED_FILE_DIR)/Pods-Dinosaurs-checkManifestLockResult.txt",
			);
			runOnlyForDeploymentPostprocessing = 0;
			shellPath = /bin/sh;
			shellScript = "diff \"${PODS_PODFILE_DIR_PATH}/Podfile.lock\" \"${PODS_ROOT}/Manifest.lock\" > /dev/null\nif [ $? != 0 ] ; then\n    # print error to STDERR\n    echo \"error: The sandbox is not in sync with the Podfile.lock. Run 'pod install' or update your CocoaPods installation.\" >&2\n    exit 1\nfi\n# This output is used by Xcode 'outputs' to avoid re-running this script phase.\necho \"SUCCESS\" > \"${SCRIPT_OUTPUT_FILE_0}\"\n";
			showEnvVarsInLog = 0;
		};
/* End PBXShellScriptBuildPhase section */

/* Begin PBXSourcesBuildPhase section */
		741F4CEE23F48DC20074529F /* Sources */ = {
			isa = PBXSourcesBuildPhase;
			buildActionMask = 2147483647;
			files = (
				746CEEBA23F48E1B008381B1 /* DinosaurView.swift in Sources */,
				746CEEBE23F48E96008381B1 /* ContentView.swift in Sources */,
				741F4CF623F48DC20074529F /* AppDelegate.swift in Sources */,
				746CEEBC23F48E5E008381B1 /* Resource.swift in Sources */,
				741F4CF823F48DC20074529F /* SceneDelegate.swift in Sources */,
			);
			runOnlyForDeploymentPostprocessing = 0;
		};
/* End PBXSourcesBuildPhase section */

/* Begin PBXVariantGroup section */
		741F4D0023F48DC30074529F /* LaunchScreen.storyboard */ = {
			isa = PBXVariantGroup;
			children = (
				741F4D0123F48DC30074529F /* Base */,
			);
			name = LaunchScreen.storyboard;
			sourceTree = "<group>";
		};
/* End PBXVariantGroup section */

/* Begin XCBuildConfiguration section */
		741F4D0423F48DC30074529F /* Debug */ = {
			isa = XCBuildConfiguration;
			buildSettings = {
				ALWAYS_SEARCH_USER_PATHS = NO;
				CLANG_ANALYZER_NONNULL = YES;
				CLANG_ANALYZER_NUMBER_OBJECT_CONVERSION = YES_AGGRESSIVE;
				CLANG_CXX_LANGUAGE_STANDARD = "gnu++14";
				CLANG_CXX_LIBRARY = "libc++";
				CLANG_ENABLE_MODULES = YES;
				CLANG_ENABLE_OBJC_ARC = YES;
				CLANG_ENABLE_OBJC_WEAK = YES;
				CLANG_WARN_BLOCK_CAPTURE_AUTORELEASING = YES;
				CLANG_WARN_BOOL_CONVERSION = YES;
				CLANG_WARN_COMMA = YES;
				CLANG_WARN_CONSTANT_CONVERSION = YES;
				CLANG_WARN_DEPRECATED_OBJC_IMPLEMENTATIONS = YES;
				CLANG_WARN_DIRECT_OBJC_ISA_USAGE = YES_ERROR;
				CLANG_WARN_DOCUMENTATION_COMMENTS = YES;
				CLANG_WARN_EMPTY_BODY = YES;
				CLANG_WARN_ENUM_CONVERSION = YES;
				CLANG_WARN_INFINITE_RECURSION = YES;
				CLANG_WARN_INT_CONVERSION = YES;
				CLANG_WARN_NON_LITERAL_NULL_CONVERSION = YES;
				CLANG_WARN_OBJC_IMPLICIT_RETAIN_SELF = YES;
				CLANG_WARN_OBJC_LITERAL_CONVERSION = YES;
				CLANG_WARN_OBJC_ROOT_CLASS = YES_ERROR;
				CLANG_WARN_RANGE_LOOP_ANALYSIS = YES;
				CLANG_WARN_STRICT_PROTOTYPES = YES;
				CLANG_WARN_SUSPICIOUS_MOVE = YES;
				CLANG_WARN_UNGUARDED_AVAILABILITY = YES_AGGRESSIVE;
				CLANG_WARN_UNREACHABLE_CODE = YES;
				CLANG_WARN__DUPLICATE_METHOD_MATCH = YES;
				COPY_PHASE_STRIP = NO;
				DEBUG_INFORMATION_FORMAT = dwarf;
				ENABLE_STRICT_OBJC_MSGSEND = YES;
				ENABLE_TESTABILITY = YES;
				GCC_C_LANGUAGE_STANDARD = gnu11;
				GCC_DYNAMIC_NO_PIC = NO;
				GCC_NO_COMMON_BLOCKS = YES;
				GCC_OPTIMIZATION_LEVEL = 0;
				GCC_PREPROCESSOR_DEFINITIONS = (
					"DEBUG=1",
					"$(inherited)",
				);
				GCC_WARN_64_TO_32_BIT_CONVERSION = YES;
				GCC_WARN_ABOUT_RETURN_TYPE = YES_ERROR;
				GCC_WARN_UNDECLARED_SELECTOR = YES;
				GCC_WARN_UNINITIALIZED_AUTOS = YES_AGGRESSIVE;
				GCC_WARN_UNUSED_FUNCTION = YES;
				GCC_WARN_UNUSED_VARIABLE = YES;
				IPHONEOS_DEPLOYMENT_TARGET = 13.2;
				MTL_ENABLE_DEBUG_INFO = INCLUDE_SOURCE;
				MTL_FAST_MATH = YES;
				ONLY_ACTIVE_ARCH = YES;
				SDKROOT = iphoneos;
				SWIFT_ACTIVE_COMPILATION_CONDITIONS = DEBUG;
				SWIFT_OPTIMIZATION_LEVEL = "-Onone";
			};
			name = Debug;
		};
		741F4D0523F48DC30074529F /* Release */ = {
			isa = XCBuildConfiguration;
			buildSettings = {
				ALWAYS_SEARCH_USER_PATHS = NO;
				CLANG_ANALYZER_NONNULL = YES;
				CLANG_ANALYZER_NUMBER_OBJECT_CONVERSION = YES_AGGRESSIVE;
				CLANG_CXX_LANGUAGE_STANDARD = "gnu++14";
				CLANG_CXX_LIBRARY = "libc++";
				CLANG_ENABLE_MODULES = YES;
				CLANG_ENABLE_OBJC_ARC = YES;
				CLANG_ENABLE_OBJC_WEAK = YES;
				CLANG_WARN_BLOCK_CAPTURE_AUTORELEASING = YES;
				CLANG_WARN_BOOL_CONVERSION = YES;
				CLANG_WARN_COMMA = YES;
				CLANG_WARN_CONSTANT_CONVERSION = YES;
				CLANG_WARN_DEPRECATED_OBJC_IMPLEMENTATIONS = YES;
				CLANG_WARN_DIRECT_OBJC_ISA_USAGE = YES_ERROR;
				CLANG_WARN_DOCUMENTATION_COMMENTS = YES;
				CLANG_WARN_EMPTY_BODY = YES;
				CLANG_WARN_ENUM_CONVERSION = YES;
				CLANG_WARN_INFINITE_RECURSION = YES;
				CLANG_WARN_INT_CONVERSION = YES;
				CLANG_WARN_NON_LITERAL_NULL_CONVERSION = YES;
				CLANG_WARN_OBJC_IMPLICIT_RETAIN_SELF = YES;
				CLANG_WARN_OBJC_LITERAL_CONVERSION = YES;
				CLANG_WARN_OBJC_ROOT_CLASS = YES_ERROR;
				CLANG_WARN_RANGE_LOOP_ANALYSIS = YES;
				CLANG_WARN_STRICT_PROTOTYPES = YES;
				CLANG_WARN_SUSPICIOUS_MOVE = YES;
				CLANG_WARN_UNGUARDED_AVAILABILITY = YES_AGGRESSIVE;
				CLANG_WARN_UNREACHABLE_CODE = YES;
				CLANG_WARN__DUPLICATE_METHOD_MATCH = YES;
				COPY_PHASE_STRIP = NO;
				DEBUG_INFORMATION_FORMAT = "dwarf-with-dsym";
				ENABLE_NS_ASSERTIONS = NO;
				ENABLE_STRICT_OBJC_MSGSEND = YES;
				GCC_C_LANGUAGE_STANDARD = gnu11;
				GCC_NO_COMMON_BLOCKS = YES;
				GCC_WARN_64_TO_32_BIT_CONVERSION = YES;
				GCC_WARN_ABOUT_RETURN_TYPE = YES_ERROR;
				GCC_WARN_UNDECLARED_SELECTOR = YES;
				GCC_WARN_UNINITIALIZED_AUTOS = YES_AGGRESSIVE;
				GCC_WARN_UNUSED_FUNCTION = YES;
				GCC_WARN_UNUSED_VARIABLE = YES;
				IPHONEOS_DEPLOYMENT_TARGET = 13.2;
				MTL_ENABLE_DEBUG_INFO = NO;
				MTL_FAST_MATH = YES;
				SDKROOT = iphoneos;
				SWIFT_COMPILATION_MODE = wholemodule;
				SWIFT_OPTIMIZATION_LEVEL = "-O";
				VALIDATE_PRODUCT = YES;
			};
			name = Release;
		};
		741F4D0723F48DC30074529F /* Debug */ = {
			isa = XCBuildConfiguration;
			baseConfigurationReference = E1E44CA8B772EE4AC2ED5A30 /* Pods-Dinosaurs.debug.xcconfig */;
			buildSettings = {
				ASSETCATALOG_COMPILER_APPICON_NAME = AppIcon;
				CODE_SIGN_STYLE = Automatic;
				INFOPLIST_FILE = Dinosaurs/Info.plist;
				LD_RUNPATH_SEARCH_PATHS = (
					"$(inherited)",
					"@executable_path/Frameworks",
				);
				PRODUCT_BUNDLE_IDENTIFIER = com.squareup.dinosaurs.Dinosaurs;
				PRODUCT_NAME = "$(TARGET_NAME)";
				SWIFT_VERSION = 5.0;
				TARGETED_DEVICE_FAMILY = "1,2";
			};
			name = Debug;
		};
		741F4D0823F48DC30074529F /* Release */ = {
			isa = XCBuildConfiguration;
			baseConfigurationReference = FD85FE44C1A07AB2DF50B7F3 /* Pods-Dinosaurs.release.xcconfig */;
			buildSettings = {
				ASSETCATALOG_COMPILER_APPICON_NAME = AppIcon;
				CODE_SIGN_STYLE = Automatic;
				INFOPLIST_FILE = Dinosaurs/Info.plist;
				LD_RUNPATH_SEARCH_PATHS = (
					"$(inherited)",
					"@executable_path/Frameworks",
				);
				PRODUCT_BUNDLE_IDENTIFIER = com.squareup.dinosaurs.Dinosaurs;
				PRODUCT_NAME = "$(TARGET_NAME)";
				SWIFT_VERSION = 5.0;
				TARGETED_DEVICE_FAMILY = "1,2";
			};
			name = Release;
		};
/* End XCBuildConfiguration section */

/* Begin XCConfigurationList section */
		741F4CED23F48DC20074529F /* Build configuration list for PBXProject "Dinosaurs" */ = {
			isa = XCConfigurationList;
			buildConfigurations = (
				741F4D0423F48DC30074529F /* Debug */,
				741F4D0523F48DC30074529F /* Release */,
			);
			defaultConfigurationIsVisible = 0;
			defaultConfigurationName = Release;
		};
		741F4D0623F48DC30074529F /* Build configuration list for PBXNativeTarget "Dinosaurs" */ = {
			isa = XCConfigurationList;
			buildConfigurations = (
				741F4D0723F48DC30074529F /* Debug */,
				741F4D0823F48DC30074529F /* Release */,
			);
			defaultConfigurationIsVisible = 0;
			defaultConfigurationName = Release;
		};
/* End XCConfigurationList section */
	};
	rootObject = 741F4CEA23F48DC20074529F /* Project object */;
}
